
Microsoft Visual Studio Solution File, Format Version 10.00
# Visual Studio 2008
Project("{FAE04EC0-301F-11D3-BF4B-00C04F79EFBC}") = "RapidWebDev.RestfulServices", "RapidWebDev.RestfulServices\RapidWebDev.RestfulServices.csproj", "{C7C763C9-B2A6-4A3E-852F-BCFD8E08890B}"
EndProject
Project("{FAE04EC0-301F-11D3-BF4B-00C04F79EFBC}") = "RapidWebDev.RestfulServices.Test", "RapidWebDev.RestfulServices.Test\RapidWebDev.RestfulServices.Test.csproj", "{6DA1938A-54E8-4BE2-9A19-49DAA13158F1}"
EndProject
Global
	GlobalSection(SolutionConfigurationPlatforms) = preSolution
		Debug|Any CPU = Debug|Any CPU
		Release|Any CPU = Release|Any CPU
	EndGlobalSection
	GlobalSection(ProjectConfigurationPlatforms) = postSolution
		{C7C763C9-B2A6-4A3E-852F-BCFD8E08890B}.Debug|Any CPU.ActiveCfg = Debug|Any CPU
		{C7C763C9-B2A6-4A3E-852F-BCFD8E08890B}.Debug|Any CPU.Build.0 = Debug|Any CPU
		{C7C763C9-B2A6-4A3E-852F-BCFD8E08890B}.Release|Any CPU.ActiveCfg = Release|Any CPU
		{C7C763C9-B2A6-4A3E-852F-BCFD8E08890B}.Release|Any CPU.Build.0 = Release|Any CPU
		{6DA1938A-54E8-4BE2-9A19-49DAA13158F1}.Debug|Any CPU.ActiveCfg = Debug|Any CPU
		{6DA1938A-54E8-4BE2-9A19-49DAA13158F1}.Debug|Any CPU.Build.0 = Debug|Any CPU
		{6DA1938A-54E8-4BE2-9A19-49DAA13158F1}.Release|Any CPU.ActiveCfg = Release|Any CPU
		{6DA1938A-54E8-4BE2-9A19-49DAA13158F1}.Release|Any CPU.Build.0 = Release|Any CPU
	EndGlobalSection
	GlobalSection(SolutionProperties) = preSolution
		HideSolutionNode = FALSE
	EndGlobalSection
EndGlobal
